
Microsoft Visual Studio Solution File, Format Version 12.00
Project("{FAE04EC0-301F-11D3-BF4B-00C04F79EFBC}") = "MCServer", "MCServer.csproj", "{1444BCFB-8DE6-4B35-9BC5-3361D40474FB}"
EndProject
Project("{FAE04EC0-301F-11D3-BF4B-00C04F79EFBC}") = "fNbt", "fNbt\fNbt.csproj", "{94C9F1BD-1E35-4FF0-9E9C-A5C1B162391B}"
EndProject
Project("{FAE04EC0-301F-11D3-BF4B-00C04F79EFBC}") = "dotnet-minecraft-data", "dotnet-minecraft-data\dotnet-minecraft-data.csproj", "{5392414F-0650-4328-B871-E77E4EE14238}"
EndProject
Global
	GlobalSection(SolutionConfigurationPlatforms) = preSolution
		Debug|Any CPU = Debug|Any CPU
		Release|Any CPU = Release|Any CPU
	EndGlobalSection
	GlobalSection(ProjectConfigurationPlatforms) = postSolution
		{1444BCFB-8DE6-4B35-9BC5-3361D40474FB}.Debug|Any CPU.ActiveCfg = Debug|Any CPU
		{1444BCFB-8DE6-4B35-9BC5-3361D40474FB}.Debug|Any CPU.Build.0 = Debug|Any CPU
		{1444BCFB-8DE6-4B35-9BC5-3361D40474FB}.Release|Any CPU.ActiveCfg = Release|Any CPU
		{1444BCFB-8DE6-4B35-9BC5-3361D40474FB}.Release|Any CPU.Build.0 = Release|Any CPU
		{94C9F1BD-1E35-4FF0-9E9C-A5C1B162391B}.Debug|Any CPU.ActiveCfg = Debug|Any CPU
		{94C9F1BD-1E35-4FF0-9E9C-A5C1B162391B}.Debug|Any CPU.Build.0 = Debug|Any CPU
		{94C9F1BD-1E35-4FF0-9E9C-A5C1B162391B}.Release|Any CPU.ActiveCfg = Release|Any CPU
		{94C9F1BD-1E35-4FF0-9E9C-A5C1B162391B}.Release|Any CPU.Build.0 = Release|Any CPU
		{5392414F-0650-4328-B871-E77E4EE14238}.Debug|Any CPU.ActiveCfg = Debug|Any CPU
		{5392414F-0650-4328-B871-E77E4EE14238}.Debug|Any CPU.Build.0 = Debug|Any CPU
		{5392414F-0650-4328-B871-E77E4EE14238}.Release|Any CPU.ActiveCfg = Release|Any CPU
		{5392414F-0650-4328-B871-E77E4EE14238}.Release|Any CPU.Build.0 = Release|Any CPU
	EndGlobalSection
EndGlobal
